
Microsoft Visual Studio Solution File, Format Version 12.00
# Visual Studio 15
VisualStudioVersion = 15.0.28307.421
MinimumVisualStudioVersion = 10.0.40219.1
Project("{FAE04EC0-301F-11D3-BF4B-00C04F79EFBC}") = "book-store", "book-store\book-store.csproj", "{E9502267-766A-4DCF-94C2-3C3432ACD51E}"
EndProject
Project("{FAE04EC0-301F-11D3-BF4B-00C04F79EFBC}") = "book-store.Tests", "book-store.Tests\book-store.Tests.csproj", "{099AD911-FF1A-401A-9342-021B54D09E2A}"
EndProject
Global
	GlobalSection(SolutionConfigurationPlatforms) = preSolution
		Debug|Any CPU = Debug|Any CPU
		Release|Any CPU = Release|Any CPU
	EndGlobalSection
	GlobalSection(ProjectConfigurationPlatforms) = postSolution
		{E9502267-766A-4DCF-94C2-3C3432ACD51E}.Debug|Any CPU.ActiveCfg = Debug|Any CPU
		{E9502267-766A-4DCF-94C2-3C3432ACD51E}.Debug|Any CPU.Build.0 = Debug|Any CPU
		{E9502267-766A-4DCF-94C2-3C3432ACD51E}.Release|Any CPU.ActiveCfg = Release|Any CPU
		{E9502267-766A-4DCF-94C2-3C3432ACD51E}.Release|Any CPU.Build.0 = Release|Any CPU
		{099AD911-FF1A-401A-9342-021B54D09E2A}.Debug|Any CPU.ActiveCfg = Debug|Any CPU
		{099AD911-FF1A-401A-9342-021B54D09E2A}.Debug|Any CPU.Build.0 = Debug|Any CPU
		{099AD911-FF1A-401A-9342-021B54D09E2A}.Release|Any CPU.ActiveCfg = Release|Any CPU
		{099AD911-FF1A-401A-9342-021B54D09E2A}.Release|Any CPU.Build.0 = Release|Any CPU
	EndGlobalSection
	GlobalSection(SolutionProperties) = preSolution
		HideSolutionNode = FALSE
	EndGlobalSection
	GlobalSection(ExtensibilityGlobals) = postSolution
		SolutionGuid = {AA583606-2E38-4932-8B75-34C616DE9DEF}
	EndGlobalSection
EndGlobal
